{
  "lockfileVersion": 2,
  "configVersion": 1,
  "workspaces": {
    "": {
      "name": "spec-control-desktop",
      "devDependencies": {
        "electrobun": "2.0.2",
      },
    },
  },
  "packages": {
    "electrobun": ["electrobun@2.0.2", "", { "bin": { "electrobun": "bin/electrobun.cjs" } }, "sha512-UDs2iTNs6qYCzdWiFch/0DtxrsijNDr1WFDQfRmSA3Iouv0iEzyCF5mh4uDxkwNnAbuwFyow36EiVTYP4DRzig=="],
  }
}
